
Microsoft Visual Studio Solution File, Format Version 12.00
# Visual Studio Version 17
VisualStudioVersion = 17.14.36518.9 d17.14
MinimumVisualStudioVersion = 10.0.40219.1
Project("{8BC9CEB8-8B4A-11D0-8D11-00A0C91BC942}") = "DX_Emblem", "DX_Emblem.vcxproj", "{45B6DA38-EE8E-4B54-9678-0F6234B0798C}"
EndProject
Global
	GlobalSection(SolutionConfigurationPlatforms) = preSolution
		Debug|x64 = Debug|x64
		Debug|x86 = Debug|x86
		Release|x64 = Release|x64
		Release|x86 = Release|x86
	EndGlobalSection
	GlobalSection(ProjectConfigurationPlatforms) = postSolution
		{45B6DA38-EE8E-4B54-9678-0F6234B0798C}.Debug|x64.ActiveCfg = Debug|x64
		{45B6DA38-EE8E-4B54-9678-0F6234B0798C}.Debug|x64.Build.0 = Debug|x64
		{45B6DA38-EE8E-4B54-9678-0F6234B0798C}.Debug|x86.ActiveCfg = Debug|Win32
		{45B6DA38-EE8E-4B54-9678-0F6234B0798C}.Debug|x86.Build.0 = Debug|Win32
		{45B6DA38-EE8E-4B54-9678-0F6234B0798C}.Release|x64.ActiveCfg = Release|x64
		{45B6DA38-EE8E-4B54-9678-0F6234B0798C}.Release|x64.Build.0 = Release|x64
		{45B6DA38-EE8E-4B54-9678-0F6234B0798C}.Release|x86.ActiveCfg = Release|Win32
		{45B6DA38-EE8E-4B54-9678-0F6234B0798C}.Release|x86.Build.0 = Release|Win32
	EndGlobalSection
	GlobalSection(SolutionProperties) = preSolution
		HideSolutionNode = FALSE
	EndGlobalSection
	GlobalSection(ExtensibilityGlobals) = postSolution
		SolutionGuid = {53581546-31B0-44DB-BF93-D2AB9FF13D16}
	EndGlobalSection
EndGlobal
